
Microsoft Visual Studio Solution File, Format Version 12.00
# Visual Studio Version 17
VisualStudioVersion = 17.6.33815.320
MinimumVisualStudioVersion = 10.0.40219.1
Project("{FAE04EC0-301F-11D3-BF4B-00C04F79EFBC}") = "BilgeAdamProje", "BilgeAdamProje\BilgeAdamProje.csproj", "{303758F9-0FD3-46F6-B46F-5E0C228EDEFE}"
EndProject
Global
	GlobalSection(SolutionConfigurationPlatforms) = preSolution
		Debug|Any CPU = Debug|Any CPU
		Release|Any CPU = Release|Any CPU
	EndGlobalSection
	GlobalSection(ProjectConfigurationPlatforms) = postSolution
		{303758F9-0FD3-46F6-B46F-5E0C228EDEFE}.Debug|Any CPU.ActiveCfg = Debug|Any CPU
		{303758F9-0FD3-46F6-B46F-5E0C228EDEFE}.Debug|Any CPU.Build.0 = Debug|Any CPU
		{303758F9-0FD3-46F6-B46F-5E0C228EDEFE}.Release|Any CPU.ActiveCfg = Release|Any CPU
		{303758F9-0FD3-46F6-B46F-5E0C228EDEFE}.Release|Any CPU.Build.0 = Release|Any CPU
	EndGlobalSection
	GlobalSection(SolutionProperties) = preSolution
		HideSolutionNode = FALSE
	EndGlobalSection
	GlobalSection(ExtensibilityGlobals) = postSolution
		SolutionGuid = {F6EA51B1-F6BA-49AA-A1EC-4A2A79C60266}
	EndGlobalSection
EndGlobal
